
Microsoft Visual Studio Solution File, Format Version 12.00
# Visual Studio Version 17
VisualStudioVersion = 17.2.32526.322
MinimumVisualStudioVersion = 10.0.40219.1
Project("{FAE04EC0-301F-11D3-BF4B-00C04F79EFBC}") = "DependencyInjectionDemo3", "DependencyInjectionDemo3\DependencyInjectionDemo3.csproj", "{EEF881EF-AE82-4650-89B5-4CA1FA62E629}"
EndProject
Global
	GlobalSection(SolutionConfigurationPlatforms) = preSolution
		Debug|Any CPU = Debug|Any CPU
		Release|Any CPU = Release|Any CPU
	EndGlobalSection
	GlobalSection(ProjectConfigurationPlatforms) = postSolution
		{EEF881EF-AE82-4650-89B5-4CA1FA62E629}.Debug|Any CPU.ActiveCfg = Debug|Any CPU
		{EEF881EF-AE82-4650-89B5-4CA1FA62E629}.Debug|Any CPU.Build.0 = Debug|Any CPU
		{EEF881EF-AE82-4650-89B5-4CA1FA62E629}.Release|Any CPU.ActiveCfg = Release|Any CPU
		{EEF881EF-AE82-4650-89B5-4CA1FA62E629}.Release|Any CPU.Build.0 = Release|Any CPU
	EndGlobalSection
	GlobalSection(SolutionProperties) = preSolution
		HideSolutionNode = FALSE
	EndGlobalSection
	GlobalSection(ExtensibilityGlobals) = postSolution
		SolutionGuid = {C74CD496-F7A7-4AAF-BBD4-1D13AC4679C4}
	EndGlobalSection
EndGlobal
